{
  "name": "server",
  "lockfileVersion": 2,
  "requires": true,
  "packages": {
    "": {
      "dependencies": {
        "vscode-html-languageservice": "^4.2.4",
        "vscode-languageserver": "^8.0.0-next.10",
        "vscode-languageserver-textdocument": "^1.0.4"
      },
      "engines": {
        "node": "*"
      }
    },
    "node_modules/vscode-html-languageservice": {
      "version": "4.2.4",
      "resolved": "https://registry.npmjs.org/vscode-html-languageservice/-/vscode-html-languageservice-4.2.4.tgz",
      "integrity": "sha512-1HqvXKOq9WlZyW4HTD+0XzrjZoZ/YFrgQY2PZqktbRloHXVAUKm6+cAcvZi4YqKPVn05/CK7do+KBHfuSaEdbg==",
      "dependencies": {
        "vscode-languageserver-textdocument": "^1.0.4",
        "vscode-languageserver-types": "^3.16.0",
        "vscode-nls": "^5.0.0",
        "vscode-uri": "^3.0.3"
      }
    },
    "node_modules/vscode-jsonrpc": {
      "version": "8.0.0-next.7",
      "resolved": "https://registry.npmjs.org/vscode-jsonrpc/-/vscode-jsonrpc-8.0.0-next.7.tgz",
      "integrity": "sha512-JX/F31LEsims0dAlOTKFE4E+AJMiJvdRSRViifFJSqSN7EzeYyWlfuDchF7g91oRNPZOIWfibTkDf3/UMsQGzQ==",
      "engines": {
        "node": ">=14.0.0"
      }
    },
    "node_modules/vscode-languageserver": {
      "version": "8.0.0-next.10",
      "resolved": "https://registry.npmjs.org/vscode-languageserver/-/vscode-languageserver-8.0.0-next.10.tgz",
      "integrity": "sha512-sdjldl9ipuBSWVw5ENVMRcOVQwF0o+J6+lNA7FrB8MiLmzflnfjRoJMqA5tCEY8S/J/+P56ZR/dqiQnRYg5m8w==",
      "dependencies": {
        "vscode-languageserver-protocol": "3.17.0-next.16"
      },
      "bin": {
        "installServerIntoExtension": "bin/installServerIntoExtension"
      }
    },
    "node_modules/vscode-languageserver-protocol": {
      "version": "3.17.0-next.16",
      "resolved": "https://registry.npmjs.org/vscode-languageserver-protocol/-/vscode-languageserver-protocol-3.17.0-next.16.tgz",
      "integrity": "sha512-tx4DnXw9u3N7vw+bx6n2NKp6FoxoNwiP/biH83AS30I2AnTGyLd7afSeH6Oewn2E8jvB7K15bs12sMppkKOVeQ==",
      "dependencies": {
        "vscode-jsonrpc": "8.0.0-next.7",
        "vscode-languageserver-types": "3.17.0-next.9"
      }
    },
    "node_modules/vscode-languageserver-protocol/node_modules/vscode-languageserver-types": {
      "version": "3.17.0-next.9",
      "resolved": "https://registry.npmjs.org/vscode-languageserver-types/-/vscode-languageserver-types-3.17.0-next.9.tgz",
      "integrity": "sha512-9/PeDNPYduaoXRUzYpqmu4ZV9L01HGo0wH9FUt+sSHR7IXwA7xoXBfNUlv8gB9H0D2WwEmMomSy1NmhjKQyn3A=="
    },
    "node_modules/vscode-languageserver-textdocument": {
      "version": "1.0.4",
      "resolved": "https://registry.npmjs.org/vscode-languageserver-textdocument/-/vscode-languageserver-textdocument-1.0.4.tgz",
      "integrity": "sha512-/xhqXP/2A2RSs+J8JNXpiiNVvvNM0oTosNVmQnunlKvq9o4mupHOBAnnzH0lwIPKazXKvAKsVp1kr+H/K4lgoQ=="
    },
    "node_modules/vscode-languageserver-types": {
      "version": "3.16.0",
      "resolved": "https://registry.npmjs.org/vscode-languageserver-types/-/vscode-languageserver-types-3.16.0.tgz",
      "integrity": "sha512-k8luDIWJWyenLc5ToFQQMaSrqCHiLwyKPHKPQZ5zz21vM+vIVUSvsRpcbiECH4WR88K2XZqc4ScRcZ7nk/jbeA=="
    },
    "node_modules/vscode-nls": {
      "version": "5.0.0",
      "resolved": "https://registry.npmjs.org/vscode-nls/-/vscode-nls-5.0.0.tgz",
      "integrity": "sha512-u0Lw+IYlgbEJFF6/qAqG2d1jQmJl0eyAGJHoAJqr2HT4M2BNuQYSEiSE75f52pXHSJm8AlTjnLLbBFPrdz2hpA=="
    },
    "node_modules/vscode-uri": {
      "version": "3.0.3",
      "resolved": "https://registry.npmjs.org/vscode-uri/-/vscode-uri-3.0.3.tgz",
      "integrity": "sha512-EcswR2S8bpR7fD0YPeS7r2xXExrScVMxg4MedACaWHEtx9ftCF/qHG1xGkolzTPcEmjTavCQgbVzHUIdTMzFGA=="
    }
  },
  "dependencies": {
    "vscode-html-languageservice": {
      "version": "4.2.4",
      "resolved": "https://registry.npmjs.org/vscode-html-languageservice/-/vscode-html-languageservice-4.2.4.tgz",
      "integrity": "sha512-1HqvXKOq9WlZyW4HTD+0XzrjZoZ/YFrgQY2PZqktbRloHXVAUKm6+cAcvZi4YqKPVn05/CK7do+KBHfuSaEdbg==",
      "requires": {
        "vscode-languageserver-textdocument": "^1.0.4",
        "vscode-languageserver-types": "^3.16.0",
        "vscode-nls": "^5.0.0",
        "vscode-uri": "^3.0.3"
      }
    },
    "vscode-jsonrpc": {
      "version": "8.0.0-next.7",
      "resolved": "https://registry.npmjs.org/vscode-jsonrpc/-/vscode-jsonrpc-8.0.0-next.7.tgz",
      "integrity": "sha512-JX/F31LEsims0dAlOTKFE4E+AJMiJvdRSRViifFJSqSN7EzeYyWlfuDchF7g91oRNPZOIWfibTkDf3/UMsQGzQ=="
    },
    "vscode-languageserver": {
      "version": "8.0.0-next.10",
      "resolved": "https://registry.npmjs.org/vscode-languageserver/-/vscode-languageserver-8.0.0-next.10.tgz",
      "integrity": "sha512-sdjldl9ipuBSWVw5ENVMRcOVQwF0o+J6+lNA7FrB8MiLmzflnfjRoJMqA5tCEY8S/J/+P56ZR/dqiQnRYg5m8w==",
      "requires": {
        "vscode-languageserver-protocol": "3.17.0-next.16"
      }
    },
    "vscode-languageserver-protocol": {
      "version": "3.17.0-next.16",
      "resolved": "https://registry.npmjs.org/vscode-languageserver-protocol/-/vscode-languageserver-protocol-3.17.0-next.16.tgz",
      "integrity": "sha512-tx4DnXw9u3N7vw+bx6n2NKp6FoxoNwiP/biH83AS30I2AnTGyLd7afSeH6Oewn2E8jvB7K15bs12sMppkKOVeQ==",
      "requires": {
        "vscode-jsonrpc": "8.0.0-next.7",
        "vscode-languageserver-types": "3.17.0-next.9"
      },
      "dependencies": {
        "vscode-languageserver-types": {
          "version": "3.17.0-next.9",
          "resolved": "https://registry.npmjs.org/vscode-languageserver-types/-/vscode-languageserver-types-3.17.0-next.9.tgz",
          "integrity": "sha512-9/PeDNPYduaoXRUzYpqmu4ZV9L01HGo0wH9FUt+sSHR7IXwA7xoXBfNUlv8gB9H0D2WwEmMomSy1NmhjKQyn3A=="
        }
      }
    },
    "vscode-languageserver-textdocument": {
      "version": "1.0.4",
      "resolved": "https://registry.npmjs.org/vscode-languageserver-textdocument/-/vscode-languageserver-textdocument-1.0.4.tgz",
      "integrity": "sha512-/xhqXP/2A2RSs+J8JNXpiiNVvvNM0oTosNVmQnunlKvq9o4mupHOBAnnzH0lwIPKazXKvAKsVp1kr+H/K4lgoQ=="
    },
    "vscode-languageserver-types": {
      "version": "3.16.0",
      "resolved": "https://registry.npmjs.org/vscode-languageserver-types/-/vscode-languageserver-types-3.16.0.tgz",
      "integrity": "sha512-k8luDIWJWyenLc5ToFQQMaSrqCHiLwyKPHKPQZ5zz21vM+vIVUSvsRpcbiECH4WR88K2XZqc4ScRcZ7nk/jbeA=="
    },
    "vscode-nls": {
      "version": "5.0.0",
      "resolved": "https://registry.npmjs.org/vscode-nls/-/vscode-nls-5.0.0.tgz",
      "integrity": "sha512-u0Lw+IYlgbEJFF6/qAqG2d1jQmJl0eyAGJHoAJqr2HT4M2BNuQYSEiSE75f52pXHSJm8AlTjnLLbBFPrdz2hpA=="
    },
    "vscode-uri": {
      "version": "3.0.3",
      "resolved": "https://registry.npmjs.org/vscode-uri/-/vscode-uri-3.0.3.tgz",
      "integrity": "sha512-EcswR2S8bpR7fD0YPeS7r2xXExrScVMxg4MedACaWHEtx9ftCF/qHG1xGkolzTPcEmjTavCQgbVzHUIdTMzFGA=="
    }
  }
}
